
Microsoft Visual Studio Solution File, Format Version 12.00
# Visual Studio Version 16
VisualStudioVersion = 16.0.30717.126
MinimumVisualStudioVersion = 10.0.40219.1
Project("{9A19103F-16F7-4668-BE54-9A1E7A4F7556}") = "IrcMessageParser", "src\IrcMessageParser.csproj", "{AB7BBFBB-2936-49E3-B31D-46F68BE59393}"
EndProject
Global
	GlobalSection(SolutionConfigurationPlatforms) = preSolution
		Debug|Any CPU = Debug|Any CPU
		Release|Any CPU = Release|Any CPU
	EndGlobalSection
	GlobalSection(ProjectConfigurationPlatforms) = postSolution
		{AB7BBFBB-2936-49E3-B31D-46F68BE59393}.Debug|Any CPU.ActiveCfg = Debug|Any CPU
		{AB7BBFBB-2936-49E3-B31D-46F68BE59393}.Debug|Any CPU.Build.0 = Debug|Any CPU
		{AB7BBFBB-2936-49E3-B31D-46F68BE59393}.Release|Any CPU.ActiveCfg = Release|Any CPU
		{AB7BBFBB-2936-49E3-B31D-46F68BE59393}.Release|Any CPU.Build.0 = Release|Any CPU
	EndGlobalSection
	GlobalSection(SolutionProperties) = preSolution
		HideSolutionNode = FALSE
	EndGlobalSection
	GlobalSection(ExtensibilityGlobals) = postSolution
		SolutionGuid = {341AF568-1F98-4DB4-A483-C9D47549F5AE}
	EndGlobalSection
EndGlobal
